
Microsoft Visual Studio Solution File, Format Version 12.00
# Visual Studio 2013
VisualStudioVersion = 12.0.31101.0
MinimumVisualStudioVersion = 10.0.40219.1
Project("{FAE04EC0-301F-11D3-BF4B-00C04F79EFBC}") = "Linq2TSql.SchemaReader", "Linq2TSql.SchemaReader\Linq2TSql.SchemaReader.csproj", "{7A88E695-040C-48DD-BCA4-757F3C1B0619}"
EndProject
Project("{2150E333-8FDC-42A3-9474-1A3956D46DE8}") = "Test", "Test", "{E8806D5B-4449-4FB7-8B25-EE2BA582C5F3}"
EndProject
Project("{FAE04EC0-301F-11D3-BF4B-00C04F79EFBC}") = "Linq2TSql.SchemaReader.Test", "Test\Linq2TSql.SchemaReader.Test\Linq2TSql.SchemaReader.Test.csproj", "{FF5924C1-8368-4A62-9A19-79353DED3321}"
EndProject
Global
	GlobalSection(SolutionConfigurationPlatforms) = preSolution
		Debug|Any CPU = Debug|Any CPU
		Release|Any CPU = Release|Any CPU
	EndGlobalSection
	GlobalSection(ProjectConfigurationPlatforms) = postSolution
		{7A88E695-040C-48DD-BCA4-757F3C1B0619}.Debug|Any CPU.ActiveCfg = Debug|Any CPU
		{7A88E695-040C-48DD-BCA4-757F3C1B0619}.Debug|Any CPU.Build.0 = Debug|Any CPU
		{7A88E695-040C-48DD-BCA4-757F3C1B0619}.Release|Any CPU.ActiveCfg = Release|Any CPU
		{7A88E695-040C-48DD-BCA4-757F3C1B0619}.Release|Any CPU.Build.0 = Release|Any CPU
		{FF5924C1-8368-4A62-9A19-79353DED3321}.Debug|Any CPU.ActiveCfg = Debug|Any CPU
		{FF5924C1-8368-4A62-9A19-79353DED3321}.Debug|Any CPU.Build.0 = Debug|Any CPU
		{FF5924C1-8368-4A62-9A19-79353DED3321}.Release|Any CPU.ActiveCfg = Release|Any CPU
		{FF5924C1-8368-4A62-9A19-79353DED3321}.Release|Any CPU.Build.0 = Release|Any CPU
	EndGlobalSection
	GlobalSection(SolutionProperties) = preSolution
		HideSolutionNode = FALSE
	EndGlobalSection
	GlobalSection(NestedProjects) = preSolution
		{FF5924C1-8368-4A62-9A19-79353DED3321} = {E8806D5B-4449-4FB7-8B25-EE2BA582C5F3}
	EndGlobalSection
EndGlobal
